
Microsoft Visual Studio Solution File, Format Version 12.00
# Visual Studio Version 17
Project("{2150E333-8FDC-42A3-9474-1A3956D46DE8}") = "CMakePredefinedTargets", "CMakePredefinedTargets", "{BFF795B9-7BEE-3205-9696-F81920A7524D}"
EndProject
Project("{2150E333-8FDC-42A3-9474-1A3956D46DE8}") = "Libigl", "Libigl", "{9F075A5C-1AF9-3EC8-B508-55CBD8FC806B}"
EndProject
Project("{2150E333-8FDC-42A3-9474-1A3956D46DE8}") = "ThirdParty", "ThirdParty", "{6BE576ED-7F33-3B37-8ACC-B70AA178BC39}"
EndProject
Project("{8BC9CEB8-8B4A-11D0-8D11-00A0C91BC942}") = "ALL_BUILD", "ALL_BUILD.vcxproj", "{55AB6CF1-5D1A-39DD-ABD7-6C07D877CBE5}"
	ProjectSection(ProjectDependencies) = postProject
		{8E99F6ED-F14F-3679-9CF6-6E6047AFEE17} = {8E99F6ED-F14F-3679-9CF6-6E6047AFEE17}
		{A447A830-3453-31A7-A10B-8F9202B27DD5} = {A447A830-3453-31A7-A10B-8F9202B27DD5}
		{199AF183-DBBC-312F-A353-BE4E897E169C} = {199AF183-DBBC-312F-A353-BE4E897E169C}
		{2794898F-64B5-3BD7-BB55-3193DBA6F5BD} = {2794898F-64B5-3BD7-BB55-3193DBA6F5BD}
		{495778FD-903B-3600-A73C-045C2ED0F858} = {495778FD-903B-3600-A73C-045C2ED0F858}
		{AE3032BF-D7B8-39A5-B958-BE21CC67831D} = {AE3032BF-D7B8-39A5-B958-BE21CC67831D}
		{36389BC5-E853-3E7E-95D4-917A5FBD7B0C} = {36389BC5-E853-3E7E-95D4-917A5FBD7B0C}
	EndProjectSection
EndProject
Project("{8BC9CEB8-8B4A-11D0-8D11-00A0C91BC942}") = "INSTALL", "INSTALL.vcxproj", "{AB5A8B94-AA61-349E-BD3F-EB0A5E41B6C1}"
	ProjectSection(ProjectDependencies) = postProject
		{55AB6CF1-5D1A-39DD-ABD7-6C07D877CBE5} = {55AB6CF1-5D1A-39DD-ABD7-6C07D877CBE5}
		{8E99F6ED-F14F-3679-9CF6-6E6047AFEE17} = {8E99F6ED-F14F-3679-9CF6-6E6047AFEE17}
	EndProjectSection
EndProject
Project("{8BC9CEB8-8B4A-11D0-8D11-00A0C91BC942}") = "ZERO_CHECK", "ZERO_CHECK.vcxproj", "{8E99F6ED-F14F-3679-9CF6-6E6047AFEE17}"
	ProjectSection(ProjectDependencies) = postProject
	EndProjectSection
EndProject
Project("{8BC9CEB8-8B4A-11D0-8D11-00A0C91BC942}") = "example", "example.vcxproj", "{A447A830-3453-31A7-A10B-8F9202B27DD5}"
	ProjectSection(ProjectDependencies) = postProject
		{8E99F6ED-F14F-3679-9CF6-6E6047AFEE17} = {8E99F6ED-F14F-3679-9CF6-6E6047AFEE17}
		{199AF183-DBBC-312F-A353-BE4E897E169C} = {199AF183-DBBC-312F-A353-BE4E897E169C}
		{2794898F-64B5-3BD7-BB55-3193DBA6F5BD} = {2794898F-64B5-3BD7-BB55-3193DBA6F5BD}
		{495778FD-903B-3600-A73C-045C2ED0F858} = {495778FD-903B-3600-A73C-045C2ED0F858}
		{AE3032BF-D7B8-39A5-B958-BE21CC67831D} = {AE3032BF-D7B8-39A5-B958-BE21CC67831D}
		{36389BC5-E853-3E7E-95D4-917A5FBD7B0C} = {36389BC5-E853-3E7E-95D4-917A5FBD7B0C}
	EndProjectSection
EndProject
Project("{8BC9CEB8-8B4A-11D0-8D11-00A0C91BC942}") = "glad", "_deps\glad-build\glad.vcxproj", "{199AF183-DBBC-312F-A353-BE4E897E169C}"
	ProjectSection(ProjectDependencies) = postProject
		{8E99F6ED-F14F-3679-9CF6-6E6047AFEE17} = {8E99F6ED-F14F-3679-9CF6-6E6047AFEE17}
	EndProjectSection
EndProject
Project("{8BC9CEB8-8B4A-11D0-8D11-00A0C91BC942}") = "glfw", "_deps\glfw-build\src\glfw.vcxproj", "{2794898F-64B5-3BD7-BB55-3193DBA6F5BD}"
	ProjectSection(ProjectDependencies) = postProject
		{8E99F6ED-F14F-3679-9CF6-6E6047AFEE17} = {8E99F6ED-F14F-3679-9CF6-6E6047AFEE17}
	EndProjectSection
EndProject
Project("{8BC9CEB8-8B4A-11D0-8D11-00A0C91BC942}") = "igl_core", "_deps\libigl-build\igl_core.vcxproj", "{495778FD-903B-3600-A73C-045C2ED0F858}"
	ProjectSection(ProjectDependencies) = postProject
		{8E99F6ED-F14F-3679-9CF6-6E6047AFEE17} = {8E99F6ED-F14F-3679-9CF6-6E6047AFEE17}
	EndProjectSection
EndProject
Project("{8BC9CEB8-8B4A-11D0-8D11-00A0C91BC942}") = "igl_glfw", "igl_glfw.vcxproj", "{AE3032BF-D7B8-39A5-B958-BE21CC67831D}"
	ProjectSection(ProjectDependencies) = postProject
		{8E99F6ED-F14F-3679-9CF6-6E6047AFEE17} = {8E99F6ED-F14F-3679-9CF6-6E6047AFEE17}
	EndProjectSection
EndProject
Project("{8BC9CEB8-8B4A-11D0-8D11-00A0C91BC942}") = "igl_opengl", "igl_opengl.vcxproj", "{36389BC5-E853-3E7E-95D4-917A5FBD7B0C}"
	ProjectSection(ProjectDependencies) = postProject
		{8E99F6ED-F14F-3679-9CF6-6E6047AFEE17} = {8E99F6ED-F14F-3679-9CF6-6E6047AFEE17}
	EndProjectSection
EndProject
Global
	GlobalSection(SolutionConfigurationPlatforms) = preSolution
		Debug|x64 = Debug|x64
		Release|x64 = Release|x64
		MinSizeRel|x64 = MinSizeRel|x64
		RelWithDebInfo|x64 = RelWithDebInfo|x64
	EndGlobalSection
	GlobalSection(ProjectConfigurationPlatforms) = postSolution
		{55AB6CF1-5D1A-39DD-ABD7-6C07D877CBE5}.Debug|x64.ActiveCfg = Debug|x64
		{55AB6CF1-5D1A-39DD-ABD7-6C07D877CBE5}.Debug|x64.Build.0 = Debug|x64
		{55AB6CF1-5D1A-39DD-ABD7-6C07D877CBE5}.Release|x64.ActiveCfg = Release|x64
		{55AB6CF1-5D1A-39DD-ABD7-6C07D877CBE5}.Release|x64.Build.0 = Release|x64
		{55AB6CF1-5D1A-39DD-ABD7-6C07D877CBE5}.MinSizeRel|x64.ActiveCfg = MinSizeRel|x64
		{55AB6CF1-5D1A-39DD-ABD7-6C07D877CBE5}.MinSizeRel|x64.Build.0 = MinSizeRel|x64
		{55AB6CF1-5D1A-39DD-ABD7-6C07D877CBE5}.RelWithDebInfo|x64.ActiveCfg = RelWithDebInfo|x64
		{55AB6CF1-5D1A-39DD-ABD7-6C07D877CBE5}.RelWithDebInfo|x64.Build.0 = RelWithDebInfo|x64
		{AB5A8B94-AA61-349E-BD3F-EB0A5E41B6C1}.Debug|x64.ActiveCfg = Debug|x64
		{AB5A8B94-AA61-349E-BD3F-EB0A5E41B6C1}.Release|x64.ActiveCfg = Release|x64
		{AB5A8B94-AA61-349E-BD3F-EB0A5E41B6C1}.MinSizeRel|x64.ActiveCfg = MinSizeRel|x64
		{AB5A8B94-AA61-349E-BD3F-EB0A5E41B6C1}.RelWithDebInfo|x64.ActiveCfg = RelWithDebInfo|x64
		{8E99F6ED-F14F-3679-9CF6-6E6047AFEE17}.Debug|x64.ActiveCfg = Debug|x64
		{8E99F6ED-F14F-3679-9CF6-6E6047AFEE17}.Debug|x64.Build.0 = Debug|x64
		{8E99F6ED-F14F-3679-9CF6-6E6047AFEE17}.Release|x64.ActiveCfg = Release|x64
		{8E99F6ED-F14F-3679-9CF6-6E6047AFEE17}.Release|x64.Build.0 = Release|x64
		{8E99F6ED-F14F-3679-9CF6-6E6047AFEE17}.MinSizeRel|x64.ActiveCfg = MinSizeRel|x64
		{8E99F6ED-F14F-3679-9CF6-6E6047AFEE17}.MinSizeRel|x64.Build.0 = MinSizeRel|x64
		{8E99F6ED-F14F-3679-9CF6-6E6047AFEE17}.RelWithDebInfo|x64.ActiveCfg = RelWithDebInfo|x64
		{8E99F6ED-F14F-3679-9CF6-6E6047AFEE17}.RelWithDebInfo|x64.Build.0 = RelWithDebInfo|x64
		{A447A830-3453-31A7-A10B-8F9202B27DD5}.Debug|x64.ActiveCfg = Debug|x64
		{A447A830-3453-31A7-A10B-8F9202B27DD5}.Debug|x64.Build.0 = Debug|x64
		{A447A830-3453-31A7-A10B-8F9202B27DD5}.Release|x64.ActiveCfg = Release|x64
		{A447A830-3453-31A7-A10B-8F9202B27DD5}.Release|x64.Build.0 = Release|x64
		{A447A830-3453-31A7-A10B-8F9202B27DD5}.MinSizeRel|x64.ActiveCfg = MinSizeRel|x64
		{A447A830-3453-31A7-A10B-8F9202B27DD5}.MinSizeRel|x64.Build.0 = MinSizeRel|x64
		{A447A830-3453-31A7-A10B-8F9202B27DD5}.RelWithDebInfo|x64.ActiveCfg = RelWithDebInfo|x64
		{A447A830-3453-31A7-A10B-8F9202B27DD5}.RelWithDebInfo|x64.Build.0 = RelWithDebInfo|x64
		{199AF183-DBBC-312F-A353-BE4E897E169C}.Debug|x64.ActiveCfg = Debug|x64
		{199AF183-DBBC-312F-A353-BE4E897E169C}.Debug|x64.Build.0 = Debug|x64
		{199AF183-DBBC-312F-A353-BE4E897E169C}.Release|x64.ActiveCfg = Release|x64
		{199AF183-DBBC-312F-A353-BE4E897E169C}.Release|x64.Build.0 = Release|x64
		{199AF183-DBBC-312F-A353-BE4E897E169C}.MinSizeRel|x64.ActiveCfg = MinSizeRel|x64
		{199AF183-DBBC-312F-A353-BE4E897E169C}.MinSizeRel|x64.Build.0 = MinSizeRel|x64
		{199AF183-DBBC-312F-A353-BE4E897E169C}.RelWithDebInfo|x64.ActiveCfg = RelWithDebInfo|x64
		{199AF183-DBBC-312F-A353-BE4E897E169C}.RelWithDebInfo|x64.Build.0 = RelWithDebInfo|x64
		{2794898F-64B5-3BD7-BB55-3193DBA6F5BD}.Debug|x64.ActiveCfg = Debug|x64
		{2794898F-64B5-3BD7-BB55-3193DBA6F5BD}.Debug|x64.Build.0 = Debug|x64
		{2794898F-64B5-3BD7-BB55-3193DBA6F5BD}.Release|x64.ActiveCfg = Release|x64
		{2794898F-64B5-3BD7-BB55-3193DBA6F5BD}.Release|x64.Build.0 = Release|x64
		{2794898F-64B5-3BD7-BB55-3193DBA6F5BD}.MinSizeRel|x64.ActiveCfg = MinSizeRel|x64
		{2794898F-64B5-3BD7-BB55-3193DBA6F5BD}.MinSizeRel|x64.Build.0 = MinSizeRel|x64
		{2794898F-64B5-3BD7-BB55-3193DBA6F5BD}.RelWithDebInfo|x64.ActiveCfg = RelWithDebInfo|x64
		{2794898F-64B5-3BD7-BB55-3193DBA6F5BD}.RelWithDebInfo|x64.Build.0 = RelWithDebInfo|x64
		{495778FD-903B-3600-A73C-045C2ED0F858}.Debug|x64.ActiveCfg = Debug|x64
		{495778FD-903B-3600-A73C-045C2ED0F858}.Debug|x64.Build.0 = Debug|x64
		{495778FD-903B-3600-A73C-045C2ED0F858}.Release|x64.ActiveCfg = Release|x64
		{495778FD-903B-3600-A73C-045C2ED0F858}.Release|x64.Build.0 = Release|x64
		{495778FD-903B-3600-A73C-045C2ED0F858}.MinSizeRel|x64.ActiveCfg = MinSizeRel|x64
		{495778FD-903B-3600-A73C-045C2ED0F858}.MinSizeRel|x64.Build.0 = MinSizeRel|x64
		{495778FD-903B-3600-A73C-045C2ED0F858}.RelWithDebInfo|x64.ActiveCfg = RelWithDebInfo|x64
		{495778FD-903B-3600-A73C-045C2ED0F858}.RelWithDebInfo|x64.Build.0 = RelWithDebInfo|x64
		{AE3032BF-D7B8-39A5-B958-BE21CC67831D}.Debug|x64.ActiveCfg = Debug|x64
		{AE3032BF-D7B8-39A5-B958-BE21CC67831D}.Debug|x64.Build.0 = Debug|x64
		{AE3032BF-D7B8-39A5-B958-BE21CC67831D}.Release|x64.ActiveCfg = Release|x64
		{AE3032BF-D7B8-39A5-B958-BE21CC67831D}.Release|x64.Build.0 = Release|x64
		{AE3032BF-D7B8-39A5-B958-BE21CC67831D}.MinSizeRel|x64.ActiveCfg = MinSizeRel|x64
		{AE3032BF-D7B8-39A5-B958-BE21CC67831D}.MinSizeRel|x64.Build.0 = MinSizeRel|x64
		{AE3032BF-D7B8-39A5-B958-BE21CC67831D}.RelWithDebInfo|x64.ActiveCfg = RelWithDebInfo|x64
		{AE3032BF-D7B8-39A5-B958-BE21CC67831D}.RelWithDebInfo|x64.Build.0 = RelWithDebInfo|x64
		{36389BC5-E853-3E7E-95D4-917A5FBD7B0C}.Debug|x64.ActiveCfg = Debug|x64
		{36389BC5-E853-3E7E-95D4-917A5FBD7B0C}.Debug|x64.Build.0 = Debug|x64
		{36389BC5-E853-3E7E-95D4-917A5FBD7B0C}.Release|x64.ActiveCfg = Release|x64
		{36389BC5-E853-3E7E-95D4-917A5FBD7B0C}.Release|x64.Build.0 = Release|x64
		{36389BC5-E853-3E7E-95D4-917A5FBD7B0C}.MinSizeRel|x64.ActiveCfg = MinSizeRel|x64
		{36389BC5-E853-3E7E-95D4-917A5FBD7B0C}.MinSizeRel|x64.Build.0 = MinSizeRel|x64
		{36389BC5-E853-3E7E-95D4-917A5FBD7B0C}.RelWithDebInfo|x64.ActiveCfg = RelWithDebInfo|x64
		{36389BC5-E853-3E7E-95D4-917A5FBD7B0C}.RelWithDebInfo|x64.Build.0 = RelWithDebInfo|x64
	EndGlobalSection
	GlobalSection(NestedProjects) = preSolution
		{55AB6CF1-5D1A-39DD-ABD7-6C07D877CBE5} = {BFF795B9-7BEE-3205-9696-F81920A7524D}
		{AB5A8B94-AA61-349E-BD3F-EB0A5E41B6C1} = {BFF795B9-7BEE-3205-9696-F81920A7524D}
		{8E99F6ED-F14F-3679-9CF6-6E6047AFEE17} = {BFF795B9-7BEE-3205-9696-F81920A7524D}
		{495778FD-903B-3600-A73C-045C2ED0F858} = {9F075A5C-1AF9-3EC8-B508-55CBD8FC806B}
		{AE3032BF-D7B8-39A5-B958-BE21CC67831D} = {9F075A5C-1AF9-3EC8-B508-55CBD8FC806B}
		{36389BC5-E853-3E7E-95D4-917A5FBD7B0C} = {9F075A5C-1AF9-3EC8-B508-55CBD8FC806B}
		{199AF183-DBBC-312F-A353-BE4E897E169C} = {6BE576ED-7F33-3B37-8ACC-B70AA178BC39}
		{2794898F-64B5-3BD7-BB55-3193DBA6F5BD} = {6BE576ED-7F33-3B37-8ACC-B70AA178BC39}
	EndGlobalSection
	GlobalSection(ExtensibilityGlobals) = postSolution
		SolutionGuid = {9FFA6F84-018B-3F9C-908C-162C7BB8AD4B}
	EndGlobalSection
	GlobalSection(ExtensibilityAddIns) = postSolution
	EndGlobalSection
EndGlobal
